<?xml version="1.0" encoding="utf-8"?>
<Project ToolsVersion="4.0" xmlns="http://schemas.microsoft.com/developer/msbuild/2003">
  <ItemGroup>
    <Filter Include="源文件">
      <UniqueIdentifier>{4FC737F1-C7A5-4376-A066-2A32D752A2FF}</UniqueIdentifier>
      <Extensions>cpp;c;cc;cxx;def;odl;idl;hpj;bat;asm;asmx</Extensions>
    </Filter>
    <Filter Include="头文件">
      <UniqueIdentifier>{93995380-89BD-4b04-88EB-625FBE52EBFB}</UniqueIdentifier>
      <Extensions>h;hh;hpp;hxx;hm;inl;inc;xsd</Extensions>
    </Filter>
    <Filter Include="资源文件">
      <UniqueIdentifier>{67DA6AB6-F800-4c08-8B7A-83BB121AAD01}</UniqueIdentifier>
      <Extensions>rc;ico;cur;bmp;dlg;rc2;rct;bin;rgs;gif;jpg;jpeg;jpe;resx;tiff;tif;png;wav;mfcribbon-ms</Extensions>
    </Filter>
    <Filter Include="liblinear">
      <UniqueIdentifier>{b06ca8d7-b08d-41cc-ab1d-4cf42e418faf}</UniqueIdentifier>
    </Filter>
  </ItemGroup>
  <ItemGroup>
    <ClCompile Include="utils_train.cpp">
      <Filter>源文件</Filter>
    </ClCompile>
    <ClCompile Include="main_train.cpp">
      <Filter>源文件</Filter>
    </ClCompile>
    <ClCompile Include="regressor_train.cpp">
      <Filter>源文件</Filter>
    </ClCompile>
    <ClCompile Include="rfs_train.cpp">
      <Filter>源文件</Filter>
    </ClCompile>
    <ClCompile Include="liblinear\linear.cpp">
      <Filter>liblinear</Filter>
    </ClCompile>
    <ClCompile Include="liblinear\tron.cpp">
      <Filter>liblinear</Filter>
    </ClCompile>
    <ClCompile Include="liblinear\blas\ddot.c">
      <Filter>liblinear</Filter>
    </ClCompile>
    <ClCompile Include="liblinear\blas\daxpy.c">
      <Filter>liblinear</Filter>
    </ClCompile>
    <ClCompile Include="liblinear\blas\dnrm2.c">
      <Filter>liblinear</Filter>
    </ClCompile>
    <ClCompile Include="liblinear\blas\dscal.c">
      <Filter>liblinear</Filter>
    </ClCompile>
  </ItemGroup>
  <ItemGroup>
    <ClInclude Include="regressor_train.h">
      <Filter>头文件</Filter>
    </ClInclude>
    <ClInclude Include="utils_train.h">
      <Filter>头文件</Filter>
    </ClInclude>
    <ClInclude Include="rfs_train.h">
      <Filter>头文件</Filter>
    </ClInclude>
    <ClInclude Include="liblinear\linear.h">
      <Filter>liblinear</Filter>
    </ClInclude>
    <ClInclude Include="liblinear\tron.h">
      <Filter>liblinear</Filter>
    </ClInclude>
    <ClInclude Include="liblinear\blas\blasp.h">
      <Filter>liblinear</Filter>
    </ClInclude>
    <ClInclude Include="liblinear\blas\blas.h">
      <Filter>liblinear</Filter>
    </ClInclude>
  </ItemGroup>
</Project>